
Microsoft Visual Studio Solution File, Format Version 12.00
# Visual Studio Version 17
VisualStudioVersion = 17.13.35931.197 d17.13
MinimumVisualStudioVersion = 10.0.40219.1
Project("{FAE04EC0-301F-11D3-BF4B-00C04F79EFBC}") = "PathsFinder", "PathsFinder.csproj", "{EBF5119B-43F6-4436-B430-F9C0C6888DB4}"
EndProject
Global
	GlobalSection(SolutionConfigurationPlatforms) = preSolution
		Debug|Any CPU = Debug|Any CPU
		Release|Any CPU = Release|Any CPU
	EndGlobalSection
	GlobalSection(ProjectConfigurationPlatforms) = postSolution
		{EBF5119B-43F6-4436-B430-F9C0C6888DB4}.Debug|Any CPU.ActiveCfg = Debug|Any CPU
		{EBF5119B-43F6-4436-B430-F9C0C6888DB4}.Debug|Any CPU.Build.0 = Debug|Any CPU
		{EBF5119B-43F6-4436-B430-F9C0C6888DB4}.Release|Any CPU.ActiveCfg = Release|Any CPU
		{EBF5119B-43F6-4436-B430-F9C0C6888DB4}.Release|Any CPU.Build.0 = Release|Any CPU
	EndGlobalSection
	GlobalSection(SolutionProperties) = preSolution
		HideSolutionNode = FALSE
	EndGlobalSection
	GlobalSection(ExtensibilityGlobals) = postSolution
		SolutionGuid = {90F09BBB-C7B3-4642-8C26-B530C5CDB764}
	EndGlobalSection
EndGlobal
